
Microsoft Visual Studio Solution File, Format Version 12.00
# TcXaeShell Solution File, Format Version 11.00
VisualStudioVersion = 17.10.35827.194
MinimumVisualStudioVersion = 10.0.40219.1
Project("{FE7A1B72-C5B7-4D7C-BB7D-76384D4DE8E1}") = "TcHmiProject1", "TcHmiProject1\TcHmiProject1.hmiproj", "{F47FA2E5-5C12-43FA-B9A8-56C08BD21829}"
EndProject
Global
	GlobalSection(SolutionConfigurationPlatforms) = preSolution
		Debug|TwinCAT HMI = Debug|TwinCAT HMI
		Debug|TwinCAT OS (ARMV7-A) = Debug|TwinCAT OS (ARMV7-A)
		Debug|TwinCAT OS (ARMV7-M) = Debug|TwinCAT OS (ARMV7-M)
		Debug|TwinCAT OS (ARMV8-A) = Debug|TwinCAT OS (ARMV8-A)
		Debug|TwinCAT OS (x64) = Debug|TwinCAT OS (x64)
		Debug|TwinCAT OS (x64-E) = Debug|TwinCAT OS (x64-E)
		Debug|TwinCAT RT (x64) = Debug|TwinCAT RT (x64)
		Debug|TwinCAT RT (x86) = Debug|TwinCAT RT (x86)
		Release|TwinCAT HMI = Release|TwinCAT HMI
		Release|TwinCAT OS (ARMV7-A) = Release|TwinCAT OS (ARMV7-A)
		Release|TwinCAT OS (ARMV7-M) = Release|TwinCAT OS (ARMV7-M)
		Release|TwinCAT OS (ARMV8-A) = Release|TwinCAT OS (ARMV8-A)
		Release|TwinCAT OS (x64) = Release|TwinCAT OS (x64)
		Release|TwinCAT OS (x64-E) = Release|TwinCAT OS (x64-E)
		Release|TwinCAT RT (x64) = Release|TwinCAT RT (x64)
		Release|TwinCAT RT (x86) = Release|TwinCAT RT (x86)
	EndGlobalSection
	GlobalSection(ProjectConfigurationPlatforms) = postSolution
		{F47FA2E5-5C12-43FA-B9A8-56C08BD21829}.Debug|TwinCAT HMI.ActiveCfg = Debug|TwinCAT HMI
		{F47FA2E5-5C12-43FA-B9A8-56C08BD21829}.Debug|TwinCAT HMI.Build.0 = Debug|TwinCAT HMI
		{F47FA2E5-5C12-43FA-B9A8-56C08BD21829}.Debug|TwinCAT OS (ARMV7-A).ActiveCfg = Debug|TwinCAT HMI
		{F47FA2E5-5C12-43FA-B9A8-56C08BD21829}.Debug|TwinCAT OS (ARMV7-A).Build.0 = Debug|TwinCAT HMI
		{F47FA2E5-5C12-43FA-B9A8-56C08BD21829}.Debug|TwinCAT OS (ARMV7-M).ActiveCfg = Debug|TwinCAT HMI
		{F47FA2E5-5C12-43FA-B9A8-56C08BD21829}.Debug|TwinCAT OS (ARMV7-M).Build.0 = Debug|TwinCAT HMI
		{F47FA2E5-5C12-43FA-B9A8-56C08BD21829}.Debug|TwinCAT OS (ARMV8-A).ActiveCfg = Debug|TwinCAT HMI
		{F47FA2E5-5C12-43FA-B9A8-56C08BD21829}.Debug|TwinCAT OS (ARMV8-A).Build.0 = Debug|TwinCAT HMI
		{F47FA2E5-5C12-43FA-B9A8-56C08BD21829}.Debug|TwinCAT OS (x64).ActiveCfg = Debug|TwinCAT HMI
		{F47FA2E5-5C12-43FA-B9A8-56C08BD21829}.Debug|TwinCAT OS (x64).Build.0 = Debug|TwinCAT HMI
		{F47FA2E5-5C12-43FA-B9A8-56C08BD21829}.Debug|TwinCAT OS (x64-E).ActiveCfg = Debug|TwinCAT HMI
		{F47FA2E5-5C12-43FA-B9A8-56C08BD21829}.Debug|TwinCAT OS (x64-E).Build.0 = Debug|TwinCAT HMI
		{F47FA2E5-5C12-43FA-B9A8-56C08BD21829}.Debug|TwinCAT RT (x64).ActiveCfg = Debug|TwinCAT HMI
		{F47FA2E5-5C12-43FA-B9A8-56C08BD21829}.Debug|TwinCAT RT (x64).Build.0 = Debug|TwinCAT HMI
		{F47FA2E5-5C12-43FA-B9A8-56C08BD21829}.Debug|TwinCAT RT (x86).ActiveCfg = Debug|TwinCAT HMI
		{F47FA2E5-5C12-43FA-B9A8-56C08BD21829}.Debug|TwinCAT RT (x86).Build.0 = Debug|TwinCAT HMI
		{F47FA2E5-5C12-43FA-B9A8-56C08BD21829}.Release|TwinCAT HMI.ActiveCfg = Release|TwinCAT HMI
		{F47FA2E5-5C12-43FA-B9A8-56C08BD21829}.Release|TwinCAT HMI.Build.0 = Release|TwinCAT HMI
		{F47FA2E5-5C12-43FA-B9A8-56C08BD21829}.Release|TwinCAT OS (ARMV7-A).ActiveCfg = Release|TwinCAT HMI
		{F47FA2E5-5C12-43FA-B9A8-56C08BD21829}.Release|TwinCAT OS (ARMV7-A).Build.0 = Release|TwinCAT HMI
		{F47FA2E5-5C12-43FA-B9A8-56C08BD21829}.Release|TwinCAT OS (ARMV7-M).ActiveCfg = Release|TwinCAT HMI
		{F47FA2E5-5C12-43FA-B9A8-56C08BD21829}.Release|TwinCAT OS (ARMV7-M).Build.0 = Release|TwinCAT HMI
		{F47FA2E5-5C12-43FA-B9A8-56C08BD21829}.Release|TwinCAT OS (ARMV8-A).ActiveCfg = Release|TwinCAT HMI
		{F47FA2E5-5C12-43FA-B9A8-56C08BD21829}.Release|TwinCAT OS (ARMV8-A).Build.0 = Release|TwinCAT HMI
		{F47FA2E5-5C12-43FA-B9A8-56C08BD21829}.Release|TwinCAT OS (x64).ActiveCfg = Release|TwinCAT HMI
		{F47FA2E5-5C12-43FA-B9A8-56C08BD21829}.Release|TwinCAT OS (x64).Build.0 = Release|TwinCAT HMI
		{F47FA2E5-5C12-43FA-B9A8-56C08BD21829}.Release|TwinCAT OS (x64-E).ActiveCfg = Release|TwinCAT HMI
		{F47FA2E5-5C12-43FA-B9A8-56C08BD21829}.Release|TwinCAT OS (x64-E).Build.0 = Release|TwinCAT HMI
		{F47FA2E5-5C12-43FA-B9A8-56C08BD21829}.Release|TwinCAT RT (x64).ActiveCfg = Release|TwinCAT HMI
		{F47FA2E5-5C12-43FA-B9A8-56C08BD21829}.Release|TwinCAT RT (x64).Build.0 = Release|TwinCAT HMI
		{F47FA2E5-5C12-43FA-B9A8-56C08BD21829}.Release|TwinCAT RT (x86).ActiveCfg = Release|TwinCAT HMI
		{F47FA2E5-5C12-43FA-B9A8-56C08BD21829}.Release|TwinCAT RT (x86).Build.0 = Release|TwinCAT HMI
	EndGlobalSection
	GlobalSection(SolutionProperties) = preSolution
		HideSolutionNode = FALSE
	EndGlobalSection
	GlobalSection(ExtensibilityGlobals) = postSolution
		SolutionGuid = {0964A16F-D03F-4948-BCE1-DFE975DD2EFB}
	EndGlobalSection
EndGlobal
